{
  "name": "polymita-gui",
  "version": "1.0.0",
  "lockfileVersion": 1,
  "requires": true,
  "dependencies": {
    "qooxdoo-sdk": {
      "version": "5.0.1",
      "resolved": "http://localhost:8081/repository/npm/qooxdoo-sdk/-/qooxdoo-sdk-5.0.1.tgz",
      "integrity": "sha1-uaf4FG74QPadMDjg3IzNYPvR6XI=",
      "dev": true,
      "requires": {
        "grunt": "^0.4.5",
        "shelljs": "^0.3.0"
      },
      "dependencies": {
        "grunt": {
          "version": "0.4.5",
          "resolved": "http://npm.prod.uci.cu/nexus/content/groups/npm/grunt/-/grunt-0.4.5.tgz",
          "integrity": "sha1-VpN81RlDJK3/bSB2MYMqnWuk5/A=",
          "dev": true,
          "requires": {
            "async": "~0.1.22",
            "coffee-script": "~1.3.3",
            "colors": "~0.6.2",
            "dateformat": "1.0.2-1.2.3",
            "eventemitter2": "~0.4.13",
            "exit": "~0.1.1",
            "findup-sync": "~0.1.2",
            "getobject": "~0.1.0",
            "glob": "~3.1.21",
            "grunt-legacy-log": "~0.1.0",
            "grunt-legacy-util": "~0.2.0",
            "hooker": "~0.2.3",
            "iconv-lite": "~0.2.11",
            "js-yaml": "~2.0.5",
            "lodash": "~0.9.2",
            "minimatch": "~0.2.12",
            "nopt": "~1.0.10",
            "rimraf": "~2.2.8",
            "underscore.string": "~2.2.1",
            "which": "~1.0.5"
          },
          "dependencies": {
            "async": {
              "version": "0.1.22",
              "resolved": "http://npm.prod.uci.cu/nexus/content/groups/npm/async/-/async-0.1.22.tgz",
              "integrity": "sha1-D8GqoIig4+8Ovi2IMbqw3PiEUGE=",
              "dev": true
            },
            "coffee-script": {
              "version": "1.3.3",
              "resolved": "http://npm.prod.uci.cu/nexus/content/groups/npm/coffee-script/-/coffee-script-1.3.3.tgz",
              "integrity": "sha1-FQ1rTLUiiUNp7+1qIQHCC8f0pPQ=",
              "dev": true
            },
            "colors": {
              "version": "0.6.2",
              "resolved": "http://npm.prod.uci.cu/nexus/content/groups/npm/colors/-/colors-0.6.2.tgz",
              "integrity": "sha1-JCP+ZnisDF2uiFLl0OW+CMmXq8w=",
              "dev": true
            },
            "dateformat": {
              "version": "1.0.2-1.2.3",
              "resolved": "http://localhost:8081/repository/npm/dateformat/-/dateformat-1.0.2-1.2.3.tgz",
              "integrity": "sha1-sCIMAt6YYXQztyhRz0fePfLNvuk=",
              "dev": true
            },
            "eventemitter2": {
              "version": "0.4.14",
              "resolved": "http://npm.prod.uci.cu/nexus/content/groups/npm/eventemitter2/-/eventemitter2-0.4.14.tgz",
              "integrity": "sha1-j2G3XN4BKy6esoTUVFWDtWQ7Yas=",
              "dev": true
            },
            "exit": {
              "version": "0.1.2",
              "resolved": "http://npm.prod.uci.cu/nexus/content/groups/npm/exit/-/exit-0.1.2.tgz",
              "integrity": "sha1-BjJjj42HfMghB9MKD/8aF8uhzQw=",
              "dev": true
            },
            "findup-sync": {
              "version": "0.1.3",
              "resolved": "http://npm.prod.uci.cu/nexus/content/groups/npm/findup-sync/-/findup-sync-0.1.3.tgz",
              "integrity": "sha1-fz56l7gjksZTvwZYm9hRkOk8NoM=",
              "dev": true,
              "requires": {
                "glob": "~3.2.9",
                "lodash": "~2.4.1"
              },
              "dependencies": {
                "glob": {
                  "version": "3.2.11",
                  "resolved": "https://registry.npmjs.org/glob/-/glob-3.2.11.tgz",
                  "integrity": "sha1-Spc/Y1uRkPcV0QmH1cAP0oFevj0=",
                  "dev": true,
                  "requires": {
                    "inherits": "2",
                    "minimatch": "0.3"
                  },
                  "dependencies": {
                    "inherits": {
                      "version": "2.0.3",
                      "resolved": "http://localhost:8081/repository/npm/inherits/-/inherits-2.0.3.tgz",
                      "integrity": "sha1-Yzwsg+PaQqUC9SRmAiSA9CCCYd4=",
                      "dev": true
                    },
                    "minimatch": {
                      "version": "0.3.0",
                      "resolved": "http://localhost:8081/repository/npm/minimatch/-/minimatch-0.3.0.tgz",
                      "integrity": "sha1-J12O2qxPG7MyZHIInnlJyDlGmd0=",
                      "dev": true,
                      "requires": {
                        "lru-cache": "2",
                        "sigmund": "~1.0.0"
                      },
                      "dependencies": {
                        "lru-cache": {
                          "version": "2.7.3",
                          "resolved": "http://npm.prod.uci.cu/nexus/content/groups/npm/lru-cache/-/lru-cache-2.7.3.tgz",
                          "integrity": "sha1-bUUk6LlV+V1PW1iFHOId1y+06VI=",
                          "dev": true
                        },
                        "sigmund": {
                          "version": "1.0.1",
                          "resolved": "http://npm.prod.uci.cu/nexus/content/groups/npm/sigmund/-/sigmund-1.0.1.tgz",
                          "integrity": "sha1-P/IfGYytIXX587eBhT/ZTQ0ZtZA=",
                          "dev": true
                        }
                      }
                    }
                  }
                },
                "lodash": {
                  "version": "2.4.2",
                  "resolved": "http://npm.prod.uci.cu/nexus/content/groups/npm/lodash/-/lodash-2.4.2.tgz",
                  "integrity": "sha1-+t2DS5aDBz2hebPq5tnA0VBT9z4=",
                  "dev": true
                }
              }
            },
            "getobject": {
              "version": "0.1.0",
              "resolved": "http://npm.prod.uci.cu/nexus/content/groups/npm/getobject/-/getobject-0.1.0.tgz",
              "integrity": "sha1-BHpEl4n6Fg0Bj1SG7ZEyC27HiFw=",
              "dev": true
            },
            "glob": {
              "version": "3.1.21",
              "resolved": "http://npm.prod.uci.cu/nexus/content/groups/npm/glob/-/glob-3.1.21.tgz",
              "integrity": "sha1-0p4KBV3qUTj00H7UDomC6DwgZs0=",
              "dev": true,
              "requires": {
                "graceful-fs": "~1.2.0",
                "inherits": "1",
                "minimatch": "~0.2.11"
              },
              "dependencies": {
                "graceful-fs": {
                  "version": "1.2.3",
                  "resolved": "http://npm.prod.uci.cu/nexus/content/groups/npm/graceful-fs/-/graceful-fs-1.2.3.tgz",
                  "integrity": "sha1-FaSAaldUfLLS2/J/QuiajDRRs2Q=",
                  "dev": true
                },
                "inherits": {
                  "version": "1.0.2",
                  "resolved": "http://npm.prod.uci.cu/nexus/content/groups/npm/inherits/-/inherits-1.0.2.tgz",
                  "integrity": "sha1-ykMJ2t7mtUzAuNJH6NfHoJdb3Js=",
                  "dev": true
                }
              }
            },
            "grunt-legacy-log": {
              "version": "0.1.3",
              "resolved": "http://npm.prod.uci.cu/nexus/content/groups/npm/grunt-legacy-log/-/grunt-legacy-log-0.1.3.tgz",
              "integrity": "sha1-7ClCboAwIa9ZAp+H0vnNczWgVTE=",
              "dev": true,
              "requires": {
                "colors": "~0.6.2",
                "grunt-legacy-log-utils": "~0.1.1",
                "hooker": "~0.2.3",
                "lodash": "~2.4.1",
                "underscore.string": "~2.3.3"
              },
              "dependencies": {
                "grunt-legacy-log-utils": {
                  "version": "0.1.1",
                  "resolved": "http://npm.prod.uci.cu/nexus/content/groups/npm/grunt-legacy-log-utils/-/grunt-legacy-log-utils-0.1.1.tgz",
                  "integrity": "sha1-wHBrndkGThFvNvI/5OawSGcsD34=",
                  "dev": true,
                  "requires": {
                    "colors": "~0.6.2",
                    "lodash": "~2.4.1",
                    "underscore.string": "~2.3.3"
                  }
                },
                "lodash": {
                  "version": "2.4.2",
                  "resolved": "http://npm.prod.uci.cu/nexus/content/groups/npm/lodash/-/lodash-2.4.2.tgz",
                  "integrity": "sha1-+t2DS5aDBz2hebPq5tnA0VBT9z4=",
                  "dev": true
                },
                "underscore.string": {
                  "version": "2.3.3",
                  "resolved": "http://npm.prod.uci.cu/nexus/content/groups/npm/underscore.string/-/underscore.string-2.3.3.tgz",
                  "integrity": "sha1-ccCL9rQosRM/N+ePo6Icgvcymw0=",
                  "dev": true
                }
              }
            },
            "grunt-legacy-util": {
              "version": "0.2.0",
              "resolved": "http://npm.prod.uci.cu/nexus/content/groups/npm/grunt-legacy-util/-/grunt-legacy-util-0.2.0.tgz",
              "integrity": "sha1-kzJIhNv343qf98Am3/RR2UqeVUs=",
              "dev": true,
              "requires": {
                "async": "~0.1.22",
                "exit": "~0.1.1",
                "getobject": "~0.1.0",
                "hooker": "~0.2.3",
                "lodash": "~0.9.2",
                "underscore.string": "~2.2.1",
                "which": "~1.0.5"
              }
            },
            "hooker": {
              "version": "0.2.3",
              "resolved": "http://npm.prod.uci.cu/nexus/content/groups/npm/hooker/-/hooker-0.2.3.tgz",
              "integrity": "sha1-uDT3I8xKJCqmWWNFnfbZhMXT2Vk=",
              "dev": true
            },
            "iconv-lite": {
              "version": "0.2.11",
              "resolved": "http://npm.prod.uci.cu/nexus/content/groups/npm/iconv-lite/-/iconv-lite-0.2.11.tgz",
              "integrity": "sha1-HOYKOleGSiktEyH/RgnKS7llrcg=",
              "dev": true
            },
            "js-yaml": {
              "version": "2.0.5",
              "resolved": "http://npm.prod.uci.cu/nexus/content/groups/npm/js-yaml/-/js-yaml-2.0.5.tgz",
              "integrity": "sha1-olrmUJmZ6X3yeMZxnaEb0Gh3Q6g=",
              "dev": true,
              "requires": {
                "argparse": "~ 0.1.11",
                "esprima": "~ 1.0.2"
              },
              "dependencies": {
                "argparse": {
                  "version": "0.1.16",
                  "resolved": "http://npm.prod.uci.cu/nexus/content/groups/npm/argparse/-/argparse-0.1.16.tgz",
                  "integrity": "sha1-z9AeD7uj1srtBJ+9dY1A9lGW9Xw=",
                  "dev": true,
                  "requires": {
                    "underscore": "~1.7.0",
                    "underscore.string": "~2.4.0"
                  },
                  "dependencies": {
                    "underscore": {
                      "version": "1.7.0",
                      "resolved": "http://npm.prod.uci.cu/nexus/content/groups/npm/underscore/-/underscore-1.7.0.tgz",
                      "integrity": "sha1-a7rwh3UA02vjTsqlhODbn+8DUgk=",
                      "dev": true
                    },
                    "underscore.string": {
                      "version": "2.4.0",
                      "resolved": "http://npm.prod.uci.cu/nexus/content/groups/npm/underscore.string/-/underscore.string-2.4.0.tgz",
                      "integrity": "sha1-jN2PusTi0uoefi6Al8QvRCKA+Fs=",
                      "dev": true
                    }
                  }
                },
                "esprima": {
                  "version": "1.0.4",
                  "resolved": "http://npm.prod.uci.cu/nexus/content/groups/npm/esprima/-/esprima-1.0.4.tgz",
                  "integrity": "sha1-n1V+CPw7TSbs6d00+Pv0drYlha0=",
                  "dev": true
                }
              }
            },
            "lodash": {
              "version": "0.9.2",
              "resolved": "http://npm.prod.uci.cu/nexus/content/groups/npm/lodash/-/lodash-0.9.2.tgz",
              "integrity": "sha1-jzSZxSRdNG1oLlsNO0B2fgnxqSw=",
              "dev": true
            },
            "minimatch": {
              "version": "0.2.14",
              "resolved": "http://npm.prod.uci.cu/nexus/content/groups/npm/minimatch/-/minimatch-0.2.14.tgz",
              "integrity": "sha1-x054BXT2PG+aCQ6Q775u9TpqdWo=",
              "dev": true,
              "requires": {
                "lru-cache": "2",
                "sigmund": "~1.0.0"
              },
              "dependencies": {
                "lru-cache": {
                  "version": "2.7.3",
                  "resolved": "http://npm.prod.uci.cu/nexus/content/groups/npm/lru-cache/-/lru-cache-2.7.3.tgz",
                  "integrity": "sha1-bUUk6LlV+V1PW1iFHOId1y+06VI=",
                  "dev": true
                },
                "sigmund": {
                  "version": "1.0.1",
                  "resolved": "http://npm.prod.uci.cu/nexus/content/groups/npm/sigmund/-/sigmund-1.0.1.tgz",
                  "integrity": "sha1-P/IfGYytIXX587eBhT/ZTQ0ZtZA=",
                  "dev": true
                }
              }
            },
            "nopt": {
              "version": "1.0.10",
              "resolved": "http://npm.prod.uci.cu/nexus/content/groups/npm/nopt/-/nopt-1.0.10.tgz",
              "integrity": "sha1-bd0hvSoxQXuScn3Vhfim83YI6+4=",
              "dev": true,
              "requires": {
                "abbrev": "1"
              },
              "dependencies": {
                "abbrev": {
                  "version": "1.0.9",
                  "resolved": "http://npm.prod.uci.cu/nexus/content/groups/npm/abbrev/-/abbrev-1.0.9.tgz",
                  "integrity": "sha1-kbR5JYinc4wl813W9jdSovh3YTU=",
                  "dev": true
                }
              }
            },
            "rimraf": {
              "version": "2.2.8",
              "resolved": "http://npm.prod.uci.cu/nexus/content/groups/npm/rimraf/-/rimraf-2.2.8.tgz",
              "integrity": "sha1-5Dm+Kq7jJzIZUnMPmaiSnk/FBYI=",
              "dev": true
            },
            "underscore.string": {
              "version": "2.2.1",
              "resolved": "http://npm.prod.uci.cu/nexus/content/groups/npm/underscore.string/-/underscore.string-2.2.1.tgz",
              "integrity": "sha1-18D6KvXVoaZ/QlPa7pgTLnM/Dxk=",
              "dev": true
            },
            "which": {
              "version": "1.0.9",
              "resolved": "http://npm.prod.uci.cu/nexus/content/groups/npm/which/-/which-1.0.9.tgz",
              "integrity": "sha1-RgwdoPgQED0DIam2M6+eV15kSG8=",
              "dev": true
            }
          }
        },
        "shelljs": {
          "version": "0.3.0",
          "resolved": "http://npm.prod.uci.cu/nexus/content/groups/npm/shelljs/-/shelljs-0.3.0.tgz",
          "integrity": "sha1-NZbmMHp4FUT1kfN9phg2DzHbV7E=",
          "dev": true
        }
      }
    }
  }
}
